// !$*UTF8*$!
{
	archiveVersion = 1;
	classes = {
	};
	objectVersion = 50;
	objects = {

/* Begin PBXBuildFile section */
		A29FA8B3228B4A20006BD058 /* AppDelegate.swift in Sources */ = {isa = PBXBuildFile; fileRef = A29FA8B2228B4A20006BD058 /* AppDelegate.swift */; };
		A29FA8B5228B4A20006BD058 /* ViewController.swift in Sources */ = {isa = PBXBuildFile; fileRef = A29FA8B4228B4A20006BD058 /* ViewController.swift */; };
		A29FA8B8228B4A20006BD058 /* Main.storyboard in Resources */ = {isa = PBXBuildFile; fileRef = A29FA8B6228B4A20006BD058 /* Main.storyboard */; };
		A29FA8BA228B4A20006BD058 /* Assets.xcassets in Resources */ = {isa = PBXBuildFile; fileRef = A29FA8B9228B4A20006BD058 /* Assets.xcassets */; };
		A29FA8BD228B4A20006BD058 /* LaunchScreen.storyboard in Resources */ = {isa = PBXBuildFile; fileRef = A29FA8BB228B4A20006BD058 /* LaunchScreen.storyboard */; };
		A29FA8C8228B4A21006BD058 /* AQMSIOSTests.swift in Sources */ = {isa = PBXBuildFile; fileRef = A29FA8C7228B4A21006BD058 /* AQMSIOSTests.swift */; };
		A29FA8D3228B4A21006BD058 /* AQMSIOSUITests.swift in Sources */ = {isa = PBXBuildFile; fileRef = A29FA8D2228B4A21006BD058 /* AQMSIOSUITests.swift */; };
/* End PBXBuildFile section */

/* Begin PBXContainerItemProxy section */
		A29FA8C4228B4A21006BD058 /* PBXContainerItemProxy */ = {
			isa = PBXContainerItemProxy;
			containerPortal = A29FA8A7228B4A1F006BD058 /* Project object */;
			proxyType = 1;
			remoteGlobalIDString = A29FA8AE228B4A20006BD058;
			remoteInfo = AQMSIOS;
		};
		A29FA8CF228B4A21006BD058 /* PBXContainerItemProxy */ = {
			isa = PBXContainerItemProxy;
			containerPortal = A29FA8A7228B4A1F006BD058 /* Project object */;
			proxyType = 1;
			remoteGlobalIDString = A29FA8AE228B4A20006BD058;
			remoteInfo = AQMSIOS;
		};
/* End PBXContainerItemProxy section */

/* Begin PBXFileReference section */
		A29FA8AF228B4A20006BD058 /* AQMSIOS.app */ = {isa = PBXFileReference; explicitFileType = wrapper.application; includeInIndex = 0; path = AQMSIOS.app; sourceTree = BUILT_PRODUCTS_DIR; };
		A29FA8B2228B4A20006BD058 /* AppDelegate.swift */ = {isa = PBXFileReference; lastKnownFileType = sourcecode.swift; path = AppDelegate.swift; sourceTree = "<group>"; };
		A29FA8B4228B4A20006BD058 /* ViewController.swift */ = {isa = PBXFileReference; lastKnownFileType = sourcecode.swift; path = ViewController.swift; sourceTree = "<group>"; };
		A29FA8B7228B4A20006BD058 /* Base */ = {isa = PBXFileReference; lastKnownFileType = file.storyboard; name = Base; path = Base.lproj/Main.storyboard; sourceTree = "<group>"; };
		A29FA8B9228B4A20006BD058 /* Assets.xcassets */ = {isa = PBXFileReference; lastKnownFileType = folder.assetcatalog; path = Assets.xcassets; sourceTree = "<group>"; };
		A29FA8BC228B4A20006BD058 /* Base */ = {isa = PBXFileReference; lastKnownFileType = file.storyboard; name = Base; path = Base.lproj/LaunchScreen.storyboard; sourceTree = "<group>"; };
		A29FA8BE228B4A20006BD058 /* Info.plist */ = {isa = PBXFileReference; lastKnownFileType = text.plist.xml; path = Info.plist; sourceTree = "<group>"; };
		A29FA8C3228B4A21006BD058 /* AQMSIOSTests.xctest */ = {isa = PBXFileReference; explicitFileType = wrapper.cfbundle; includeInIndex = 0; path = AQMSIOSTests.xctest; sourceTree = BUILT_PRODUCTS_DIR; };
		A29FA8C7228B4A21006BD058 /* AQMSIOSTests.swift */ = {isa = PBXFileReference; lastKnownFileType = sourcecode.swift; path = AQMSIOSTests.swift; sourceTree = "<group>"; };
		A29FA8C9228B4A21006BD058 /* Info.plist */ = {isa = PBXFileReference; lastKnownFileType = text.plist.xml; path = Info.plist; sourceTree = "<group>"; };
		A29FA8CE228B4A21006BD058 /* AQMSIOSUITests.xctest */ = {isa = PBXFileReference; explicitFileType = wrapper.cfbundle; includeInIndex = 0; path = AQMSIOSUITests.xctest; sourceTree = BUILT_PRODUCTS_DIR; };
		A29FA8D2228B4A21006BD058 /* AQMSIOSUITests.swift */ = {isa = PBXFileReference; lastKnownFileType = sourcecode.swift; path = AQMSIOSUITests.swift; sourceTree = "<group>"; };
		A29FA8D4228B4A21006BD058 /* Info.plist */ = {isa = PBXFileReference; lastKnownFileType = text.plist.xml; path = Info.plist; sourceTree = "<group>"; };
/* End PBXFileReference section */

/* Begin PBXFrameworksBuildPhase section */
		A29FA8AC228B4A20006BD058 /* Frameworks */ = {
			isa = PBXFrameworksBuildPhase;
			buildActionMask = 2147483647;
			files = (
			);
			runOnlyForDeploymentPostprocessing = 0;
		};
		A29FA8C0228B4A21006BD058 /* Frameworks */ = {
			isa = PBXFrameworksBuildPhase;
			buildActionMask = 2147483647;
			files = (
			);
			runOnlyForDeploymentPostprocessing = 0;
		};
		A29FA8CB228B4A21006BD058 /* Frameworks */ = {
			isa = PBXFrameworksBuildPhase;
			buildActionMask = 2147483647;
			files = (
			);
			runOnlyForDeploymentPostprocessing = 0;
		};
/* End PBXFrameworksBuildPhase section */

/* Begin PBXGroup section */
		A29FA8A6228B4A1F006BD058 = {
			isa = PBXGroup;
			children = (
				A29FA8B1228B4A20006BD058 /* AQMSIOS */,
				A29FA8C6228B4A21006BD058 /* AQMSIOSTests */,
				A29FA8D1228B4A21006BD058 /* AQMSIOSUITests */,
				A29FA8B0228B4A20006BD058 /* Products */,
			);
			sourceTree = "<group>";
		};
		A29FA8B0228B4A20006BD058 /* Products */ = {
			isa = PBXGroup;
			children = (
				A29FA8AF228B4A20006BD058 /* AQMSIOS.app */,
				A29FA8C3228B4A21006BD058 /* AQMSIOSTests.xctest */,
				A29FA8CE228B4A21006BD058 /* AQMSIOSUITests.xctest */,
			);
			name = Products;
			sourceTree = "<group>";
		};
		A29FA8B1228B4A20006BD058 /* AQMSIOS */ = {
			isa = PBXGroup;
			children = (
				A29FA8B2228B4A20006BD058 /* AppDelegate.swift */,
				A29FA8B4228B4A20006BD058 /* ViewController.swift */,
				A29FA8B6228B4A20006BD058 /* Main.storyboard */,
				A29FA8B9228B4A20006BD058 /* Assets.xcassets */,
				A29FA8BB228B4A20006BD058 /* LaunchScreen.storyboard */,
				A29FA8BE228B4A20006BD058 /* Info.plist */,
			);
			path = AQMSIOS;
			sourceTree = "<group>";
		};
		A29FA8C6228B4A21006BD058 /* AQMSIOSTests */ = {
			isa = PBXGroup;
			children = (
				A29FA8C7228B4A21006BD058 /* AQMSIOSTests.swift */,
				A29FA8C9228B4A21006BD058 /* Info.plist */,
			);
			path = AQMSIOSTests;
			sourceTree = "<group>";
		};
		A29FA8D1228B4A21006BD058 /* AQMSIOSUITests */ = {
			isa = PBXGroup;
			children = (
				A29FA8D2228B4A21006BD058 /* AQMSIOSUITests.swift */,
				A29FA8D4228B4A21006BD058 /* Info.plist */,
			);
			path = AQMSIOSUITests;
			sourceTree = "<group>";
		};
/* End PBXGroup section */

/* Begin PBXNativeTarget section */
		A29FA8AE228B4A20006BD058 /* AQMSIOS */ = {
			isa = PBXNativeTarget;
			buildConfigurationList = A29FA8D7228B4A21006BD058 /* Build configuration list for PBXNativeTarget "AQMSIOS" */;
			buildPhases = (
				A29FA8AB228B4A20006BD058 /* Sources */,
				A29FA8AC228B4A20006BD058 /* Frameworks */,
				A29FA8AD228B4A20006BD058 /* Resources */,
			);
			buildRules = (
			);
			dependencies = (
			);
			name = AQMSIOS;
			productName = AQMSIOS;
			productReference = A29FA8AF228B4A20006BD058 /* AQMSIOS.app */;
			productType = "com.apple.product-type.application";
		};
		A29FA8C2228B4A21006BD058 /* AQMSIOSTests */ = {
			isa = PBXNativeTarget;
			buildConfigurationList = A29FA8DA228B4A21006BD058 /* Build configuration list for PBXNativeTarget "AQMSIOSTests" */;
			buildPhases = (
				A29FA8BF228B4A21006BD058 /* Sources */,
				A29FA8C0228B4A21006BD058 /* Frameworks */,
				A29FA8C1228B4A21006BD058 /* Resources */,
			);
			buildRules = (
			);
			dependencies = (
				A29FA8C5228B4A21006BD058 /* PBXTargetDependency */,
			);
			name = AQMSIOSTests;
			productName = AQMSIOSTests;
			productReference = A29FA8C3228B4A21006BD058 /* AQMSIOSTests.xctest */;
			productType = "com.apple.product-type.bundle.unit-test";
		};
		A29FA8CD228B4A21006BD058 /* AQMSIOSUITests */ = {
			isa = PBXNativeTarget;
			buildConfigurationList = A29FA8DD228B4A21006BD058 /* Build configuration list for PBXNativeTarget "AQMSIOSUITests" */;
			buildPhases = (
				A29FA8CA228B4A21006BD058 /* Sources */,
				A29FA8CB228B4A21006BD058 /* Frameworks */,
				A29FA8CC228B4A21006BD058 /* Resources */,
			);
			buildRules = (
			);
			dependencies = (
				A29FA8D0228B4A21006BD058 /* PBXTargetDependency */,
			);
			name = AQMSIOSUITests;
			productName = AQMSIOSUITests;
			productReference = A29FA8CE228B4A21006BD058 /* AQMSIOSUITests.xctest */;
			productType = "com.apple.product-type.bundle.ui-testing";
		};
/* End PBXNativeTarget section */

/* Begin PBXProject section */
		A29FA8A7228B4A1F006BD058 /* Project object */ = {
			isa = PBXProject;
			attributes = {
				LastSwiftUpdateCheck = 0940;
				LastUpgradeCheck = 0940;
				ORGANIZATIONNAME = "Adrian Cabrera";
				TargetAttributes = {
					A29FA8AE228B4A20006BD058 = {
						CreatedOnToolsVersion = 9.4.1;
					};
					A29FA8C2228B4A21006BD058 = {
						CreatedOnToolsVersion = 9.4.1;
						TestTargetID = A29FA8AE228B4A20006BD058;
					};
					A29FA8CD228B4A21006BD058 = {
						CreatedOnToolsVersion = 9.4.1;
						TestTargetID = A29FA8AE228B4A20006BD058;
					};
				};
			};
			buildConfigurationList = A29FA8AA228B4A1F006BD058 /* Build configuration list for PBXProject "AQMSIOS" */;
			compatibilityVersion = "Xcode 9.3";
			developmentRegion = en;
			hasScannedForEncodings = 0;
			knownRegions = (
				en,
				Base,
			);
			mainGroup = A29FA8A6228B4A1F006BD058;
			productRefGroup = A29FA8B0228B4A20006BD058 /* Products */;
			projectDirPath = "";
			projectRoot = "";
			targets = (
				A29FA8AE228B4A20006BD058 /* AQMSIOS */,
				A29FA8C2228B4A21006BD058 /* AQMSIOSTests */,
				A29FA8CD228B4A21006BD058 /* AQMSIOSUITests */,
			);
		};
/* End PBXProject section */

/* Begin PBXResourcesBuildPhase section */
		A29FA8AD228B4A20006BD058 /* Resources */ = {
			isa = PBXResourcesBuildPhase;
			buildActionMask = 2147483647;
			files = (
				A29FA8BD228B4A20006BD058 /* LaunchScreen.storyboard in Resources */,
				A29FA8BA228B4A20006BD058 /* Assets.xcassets in Resources */,
				A29FA8B8228B4A20006BD058 /* Main.storyboard in Resources */,
			);
			runOnlyForDeploymentPostprocessing = 0;
		};
		A29FA8C1228B4A21006BD058 /* Resources */ = {
			isa = PBXResourcesBuildPhase;
			buildActionMask = 2147483647;
			files = (
			);
			runOnlyForDeploymentPostprocessing = 0;
		};
		A29FA8CC228B4A21006BD058 /* Resources */ = {
			isa = PBXResourcesBuildPhase;
			buildActionMask = 2147483647;
			files = (
			);
			runOnlyForDeploymentPostprocessing = 0;
		};
/* End PBXResourcesBuildPhase section */

/* Begin PBXSourcesBuildPhase section */
		A29FA8AB228B4A20006BD058 /* Sources */ = {
			isa = PBXSourcesBuildPhase;
			buildActionMask = 2147483647;
			files = (
				A29FA8B5228B4A20006BD058 /* ViewController.swift in Sources */,
				A29FA8B3228B4A20006BD058 /* AppDelegate.swift in Sources */,
			);
			runOnlyForDeploymentPostprocessing = 0;
		};
		A29FA8BF228B4A21006BD058 /* Sources */ = {
			isa = PBXSourcesBuildPhase;
			buildActionMask = 2147483647;
			files = (
				A29FA8C8228B4A21006BD058 /* AQMSIOSTests.swift in Sources */,
			);
			runOnlyForDeploymentPostprocessing = 0;
		};
		A29FA8CA228B4A21006BD058 /* Sources */ = {
			isa = PBXSourcesBuildPhase;
			buildActionMask = 2147483647;
			files = (
				A29FA8D3228B4A21006BD058 /* AQMSIOSUITests.swift in Sources */,
			);
			runOnlyForDeploymentPostprocessing = 0;
		};
/* End PBXSourcesBuildPhase section */

/* Begin PBXTargetDependency section */
		A29FA8C5228B4A21006BD058 /* PBXTargetDependency */ = {
			isa = PBXTargetDependency;
			target = A29FA8AE228B4A20006BD058 /* AQMSIOS */;
			targetProxy = A29FA8C4228B4A21006BD058 /* PBXContainerItemProxy */;
		};
		A29FA8D0228B4A21006BD058 /* PBXTargetDependency */ = {
			isa = PBXTargetDependency;
			target = A29FA8AE228B4A20006BD058 /* AQMSIOS */;
			targetProxy = A29FA8CF228B4A21006BD058 /* PBXContainerItemProxy */;
		};
/* End PBXTargetDependency section */

/* Begin PBXVariantGroup section */
		A29FA8B6228B4A20006BD058 /* Main.storyboard */ = {
			isa = PBXVariantGroup;
			children = (
				A29FA8B7228B4A20006BD058 /* Base */,
			);
			name = Main.storyboard;
			sourceTree = "<group>";
		};
		A29FA8BB228B4A20006BD058 /* LaunchScreen.storyboard */ = {
			isa = PBXVariantGroup;
			children = (
				A29FA8BC228B4A20006BD058 /* Base */,
			);
			name = LaunchScreen.storyboard;
			sourceTree = "<group>";
		};
/* End PBXVariantGroup section */

/* Begin XCBuildConfiguration section */
		A29FA8D5228B4A21006BD058 /* Debug */ = {
			isa = XCBuildConfiguration;
			buildSettings = {
				ALWAYS_SEARCH_USER_PATHS = NO;
				CLANG_ANALYZER_NONNULL = YES;
				CLANG_ANALYZER_NUMBER_OBJECT_CONVERSION = YES_AGGRESSIVE;
				CLANG_CXX_LANGUAGE_STANDARD = "gnu++14";
				CLANG_CXX_LIBRARY = "libc++";
				CLANG_ENABLE_MODULES = YES;
				CLANG_ENABLE_OBJC_ARC = YES;
				CLANG_ENABLE_OBJC_WEAK = YES;
				CLANG_WARN_BLOCK_CAPTURE_AUTORELEASING = YES;
				CLANG_WARN_BOOL_CONVERSION = YES;
				CLANG_WARN_COMMA = YES;
				CLANG_WARN_CONSTANT_CONVERSION = YES;
				CLANG_WARN_DEPRECATED_OBJC_IMPLEMENTATIONS = YES;
				CLANG_WARN_DIRECT_OBJC_ISA_USAGE = YES_ERROR;
				CLANG_WARN_DOCUMENTATION_COMMENTS = YES;
				CLANG_WARN_EMPTY_BODY = YES;
				CLANG_WARN_ENUM_CONVERSION = YES;
				CLANG_WARN_INFINITE_RECURSION = YES;
				CLANG_WARN_INT_CONVERSION = YES;
				CLANG_WARN_NON_LITERAL_NULL_CONVERSION = YES;
				CLANG_WARN_OBJC_IMPLICIT_RETAIN_SELF = YES;
				CLANG_WARN_OBJC_LITERAL_CONVERSION = YES;
				CLANG_WARN_OBJC_ROOT_CLASS = YES_ERROR;
				CLANG_WARN_RANGE_LOOP_ANALYSIS = YES;
				CLANG_WARN_STRICT_PROTOTYPES = YES;
				CLANG_WARN_SUSPICIOUS_MOVE = YES;
				CLANG_WARN_UNGUARDED_AVAILABILITY = YES_AGGRESSIVE;
				CLANG_WARN_UNREACHABLE_CODE = YES;
				CLANG_WARN__DUPLICATE_METHOD_MATCH = YES;
				CODE_SIGN_IDENTITY = "iPhone Developer";
				COPY_PHASE_STRIP = NO;
				DEBUG_INFORMATION_FORMAT = dwarf;
				ENABLE_STRICT_OBJC_MSGSEND = YES;
				ENABLE_TESTABILITY = YES;
				GCC_C_LANGUAGE_STANDARD = gnu11;
				GCC_DYNAMIC_NO_PIC = NO;
				GCC_NO_COMMON_BLOCKS = YES;
				GCC_OPTIMIZATION_LEVEL = 0;
				GCC_PREPROCESSOR_DEFINITIONS = (
					"DEBUG=1",
					"$(inherited)",
				);
				GCC_WARN_64_TO_32_BIT_CONVERSION = YES;
				GCC_WARN_ABOUT_RETURN_TYPE = YES_ERROR;
				GCC_WARN_UNDECLARED_SELECTOR = YES;
				GCC_WARN_UNINITIALIZED_AUTOS = YES_AGGRESSIVE;
				GCC_WARN_UNUSED_FUNCTION = YES;
				GCC_WARN_UNUSED_VARIABLE = YES;
				IPHONEOS_DEPLOYMENT_TARGET = 11.4;
				MTL_ENABLE_DEBUG_INFO = YES;
				ONLY_ACTIVE_ARCH = YES;
				SDKROOT = iphoneos;
				SWIFT_ACTIVE_COMPILATION_CONDITIONS = DEBUG;
				SWIFT_OPTIMIZATION_LEVEL = "-Onone";
			};
			name = Debug;
		};
		A29FA8D6228B4A21006BD058 /* Release */ = {
			isa = XCBuildConfiguration;
			buildSettings = {
				ALWAYS_SEARCH_USER_PATHS = NO;
				CLANG_ANALYZER_NONNULL = YES;
				CLANG_ANALYZER_NUMBER_OBJECT_CONVERSION = YES_AGGRESSIVE;
				CLANG_CXX_LANGUAGE_STANDARD = "gnu++14";
				CLANG_CXX_LIBRARY = "libc++";
				CLANG_ENABLE_MODULES = YES;
				CLANG_ENABLE_OBJC_ARC = YES;
				CLANG_ENABLE_OBJC_WEAK = YES;
				CLANG_WARN_BLOCK_CAPTURE_AUTORELEASING = YES;
				CLANG_WARN_BOOL_CONVERSION = YES;
				CLANG_WARN_COMMA = YES;
				CLANG_WARN_CONSTANT_CONVERSION = YES;
				CLANG_WARN_DEPRECATED_OBJC_IMPLEMENTATIONS = YES;
				CLANG_WARN_DIRECT_OBJC_ISA_USAGE = YES_ERROR;
				CLANG_WARN_DOCUMENTATION_COMMENTS = YES;
				CLANG_WARN_EMPTY_BODY = YES;
				CLANG_WARN_ENUM_CONVERSION = YES;
				CLANG_WARN_INFINITE_RECURSION = YES;
				CLANG_WARN_INT_CONVERSION = YES;
				CLANG_WARN_NON_LITERAL_NULL_CONVERSION = YES;
				CLANG_WARN_OBJC_IMPLICIT_RETAIN_SELF = YES;
				CLANG_WARN_OBJC_LITERAL_CONVERSION = YES;
				CLANG_WARN_OBJC_ROOT_CLASS = YES_ERROR;
				CLANG_WARN_RANGE_LOOP_ANALYSIS = YES;
				CLANG_WARN_STRICT_PROTOTYPES = YES;
				CLANG_WARN_SUSPICIOUS_MOVE = YES;
				CLANG_WARN_UNGUARDED_AVAILABILITY = YES_AGGRESSIVE;
				CLANG_WARN_UNREACHABLE_CODE = YES;
				CLANG_WARN__DUPLICATE_METHOD_MATCH = YES;
				CODE_SIGN_IDENTITY = "iPhone Developer";
				COPY_PHASE_STRIP = NO;
				DEBUG_INFORMATION_FORMAT = "dwarf-with-dsym";
				ENABLE_NS_ASSERTIONS = NO;
				ENABLE_STRICT_OBJC_MSGSEND = YES;
				GCC_C_LANGUAGE_STANDARD = gnu11;
				GCC_NO_COMMON_BLOCKS = YES;
				GCC_WARN_64_TO_32_BIT_CONVERSION = YES;
				GCC_WARN_ABOUT_RETURN_TYPE = YES_ERROR;
				GCC_WARN_UNDECLARED_SELECTOR = YES;
				GCC_WARN_UNINITIALIZED_AUTOS = YES_AGGRESSIVE;
				GCC_WARN_UNUSED_FUNCTION = YES;
				GCC_WARN_UNUSED_VARIABLE = YES;
				IPHONEOS_DEPLOYMENT_TARGET = 11.4;
				MTL_ENABLE_DEBUG_INFO = NO;
				SDKROOT = iphoneos;
				SWIFT_COMPILATION_MODE = wholemodule;
				SWIFT_OPTIMIZATION_LEVEL = "-O";
				VALIDATE_PRODUCT = YES;
			};
			name = Release;
		};
		A29FA8D8228B4A21006BD058 /* Debug */ = {
			isa = XCBuildConfiguration;
			buildSettings = {
				ASSETCATALOG_COMPILER_APPICON_NAME = AppIcon;
				CODE_SIGN_STYLE = Automatic;
				INFOPLIST_FILE = AQMSIOS/Info.plist;
				LD_RUNPATH_SEARCH_PATHS = (
					"$(inherited)",
					"@executable_path/Frameworks",
				);
				PRODUCT_BUNDLE_IDENTIFIER = com.UANL.AQMSIOS;
				PRODUCT_NAME = "$(TARGET_NAME)";
				SWIFT_VERSION = 4.0;
				TARGETED_DEVICE_FAMILY = "1,2";
			};
			name = Debug;
		};
		A29FA8D9228B4A21006BD058 /* Release */ = {
			isa = XCBuildConfiguration;
			buildSettings = {
				ASSETCATALOG_COMPILER_APPICON_NAME = AppIcon;
				CODE_SIGN_STYLE = Automatic;
				INFOPLIST_FILE = AQMSIOS/Info.plist;
				LD_RUNPATH_SEARCH_PATHS = (
					"$(inherited)",
					"@executable_path/Frameworks",
				);
				PRODUCT_BUNDLE_IDENTIFIER = com.UANL.AQMSIOS;
				PRODUCT_NAME = "$(TARGET_NAME)";
				SWIFT_VERSION = 4.0;
				TARGETED_DEVICE_FAMILY = "1,2";
			};
			name = Release;
		};
		A29FA8DB228B4A21006BD058 /* Debug */ = {
			isa = XCBuildConfiguration;
			buildSettings = {
				ALWAYS_EMBED_SWIFT_STANDARD_LIBRARIES = YES;
				BUNDLE_LOADER = "$(TEST_HOST)";
				CODE_SIGN_STYLE = Automatic;
				INFOPLIST_FILE = AQMSIOSTests/Info.plist;
				LD_RUNPATH_SEARCH_PATHS = (
					"$(inherited)",
					"@executable_path/Frameworks",
					"@loader_path/Frameworks",
				);
				PRODUCT_BUNDLE_IDENTIFIER = com.UANL.AQMSIOSTests;
				PRODUCT_NAME = "$(TARGET_NAME)";
				SWIFT_VERSION = 4.0;
				TARGETED_DEVICE_FAMILY = "1,2";
				TEST_HOST = "$(BUILT_PRODUCTS_DIR)/AQMSIOS.app/AQMSIOS";
			};
			name = Debug;
		};
		A29FA8DC228B4A21006BD058 /* Release */ = {
			isa = XCBuildConfiguration;
			buildSettings = {
				ALWAYS_EMBED_SWIFT_STANDARD_LIBRARIES = YES;
				BUNDLE_LOADER = "$(TEST_HOST)";
				CODE_SIGN_STYLE = Automatic;
				INFOPLIST_FILE = AQMSIOSTests/Info.plist;
				LD_RUNPATH_SEARCH_PATHS = (
					"$(inherited)",
					"@executable_path/Frameworks",
					"@loader_path/Frameworks",
				);
				PRODUCT_BUNDLE_IDENTIFIER = com.UANL.AQMSIOSTests;
				PRODUCT_NAME = "$(TARGET_NAME)";
				SWIFT_VERSION = 4.0;
				TARGETED_DEVICE_FAMILY = "1,2";
				TEST_HOST = "$(BUILT_PRODUCTS_DIR)/AQMSIOS.app/AQMSIOS";
			};
			name = Release;
		};
		A29FA8DE228B4A21006BD058 /* Debug */ = {
			isa = XCBuildConfiguration;
			buildSettings = {
				ALWAYS_EMBED_SWIFT_STANDARD_LIBRARIES = YES;
				CODE_SIGN_STYLE = Automatic;
				INFOPLIST_FILE = AQMSIOSUITests/Info.plist;
				LD_RUNPATH_SEARCH_PATHS = (
					"$(inherited)",
					"@executable_path/Frameworks",
					"@loader_path/Frameworks",
				);
				PRODUCT_BUNDLE_IDENTIFIER = com.UANL.AQMSIOSUITests;
				PRODUCT_NAME = "$(TARGET_NAME)";
				SWIFT_VERSION = 4.0;
				TARGETED_DEVICE_FAMILY = "1,2";
				TEST_TARGET_NAME = AQMSIOS;
			};
			name = Debug;
		};
		A29FA8DF228B4A21006BD058 /* Release */ = {
			isa = XCBuildConfiguration;
			buildSettings = {
				ALWAYS_EMBED_SWIFT_STANDARD_LIBRARIES = YES;
				CODE_SIGN_STYLE = Automatic;
				INFOPLIST_FILE = AQMSIOSUITests/Info.plist;
				LD_RUNPATH_SEARCH_PATHS = (
					"$(inherited)",
					"@executable_path/Frameworks",
					"@loader_path/Frameworks",
				);
				PRODUCT_BUNDLE_IDENTIFIER = com.UANL.AQMSIOSUITests;
				PRODUCT_NAME = "$(TARGET_NAME)";
				SWIFT_VERSION = 4.0;
				TARGETED_DEVICE_FAMILY = "1,2";
				TEST_TARGET_NAME = AQMSIOS;
			};
			name = Release;
		};
/* End XCBuildConfiguration section */

/* Begin XCConfigurationList section */
		A29FA8AA228B4A1F006BD058 /* Build configuration list for PBXProject "AQMSIOS" */ = {
			isa = XCConfigurationList;
			buildConfigurations = (
				A29FA8D5228B4A21006BD058 /* Debug */,
				A29FA8D6228B4A21006BD058 /* Release */,
			);
			defaultConfigurationIsVisible = 0;
			defaultConfigurationName = Release;
		};
		A29FA8D7228B4A21006BD058 /* Build configuration list for PBXNativeTarget "AQMSIOS" */ = {
			isa = XCConfigurationList;
			buildConfigurations = (
				A29FA8D8228B4A21006BD058 /* Debug */,
				A29FA8D9228B4A21006BD058 /* Release */,
			);
			defaultConfigurationIsVisible = 0;
			defaultConfigurationName = Release;
		};
		A29FA8DA228B4A21006BD058 /* Build configuration list for PBXNativeTarget "AQMSIOSTests" */ = {
			isa = XCConfigurationList;
			buildConfigurations = (
				A29FA8DB228B4A21006BD058 /* Debug */,
				A29FA8DC228B4A21006BD058 /* Release */,
			);
			defaultConfigurationIsVisible = 0;
			defaultConfigurationName = Release;
		};
		A29FA8DD228B4A21006BD058 /* Build configuration list for PBXNativeTarget "AQMSIOSUITests" */ = {
			isa = XCConfigurationList;
			buildConfigurations = (
				A29FA8DE228B4A21006BD058 /* Debug */,
				A29FA8DF228B4A21006BD058 /* Release */,
			);
			defaultConfigurationIsVisible = 0;
			defaultConfigurationName = Release;
		};
/* End XCConfigurationList section */
	};
	rootObject = A29FA8A7228B4A1F006BD058 /* Project object */;
}
